
Microsoft Visual Studio Solution File, Format Version 12.00
# Visual Studio Version 17
VisualStudioVersion = 17.11.35219.272
MinimumVisualStudioVersion = 10.0.40219.1
Project("{FAE04EC0-301F-11D3-BF4B-00C04F79EFBC}") = "Store.Data", "Store.Data\Store.Data.csproj", "{BAC1DD1E-0E44-4C5B-98D1-3B8A1E39D912}"
EndProject
Project("{FAE04EC0-301F-11D3-BF4B-00C04F79EFBC}") = "Store.Repository", "Store.Repository\Store.Repository.csproj", "{AE3324A0-1CA6-4FCD-90B2-A3011CEE35F4}"
EndProject
Project("{FAE04EC0-301F-11D3-BF4B-00C04F79EFBC}") = "Store.Service", "Store.Service\Store.Service.csproj", "{9134B912-D13C-495D-94C1-D4505E2C0124}"
EndProject
Project("{FAE04EC0-301F-11D3-BF4B-00C04F79EFBC}") = "Store.Web", "Store.Web\Store.Web.csproj", "{F647FDBE-B560-45E3-BF0F-ADFF82EA1056}"
EndProject
Global
	GlobalSection(SolutionConfigurationPlatforms) = preSolution
		Debug|Any CPU = Debug|Any CPU
		Release|Any CPU = Release|Any CPU
	EndGlobalSection
	GlobalSection(ProjectConfigurationPlatforms) = postSolution
		{BAC1DD1E-0E44-4C5B-98D1-3B8A1E39D912}.Debug|Any CPU.ActiveCfg = Debug|Any CPU
		{BAC1DD1E-0E44-4C5B-98D1-3B8A1E39D912}.Debug|Any CPU.Build.0 = Debug|Any CPU
		{BAC1DD1E-0E44-4C5B-98D1-3B8A1E39D912}.Release|Any CPU.ActiveCfg = Release|Any CPU
		{BAC1DD1E-0E44-4C5B-98D1-3B8A1E39D912}.Release|Any CPU.Build.0 = Release|Any CPU
		{AE3324A0-1CA6-4FCD-90B2-A3011CEE35F4}.Debug|Any CPU.ActiveCfg = Debug|Any CPU
		{AE3324A0-1CA6-4FCD-90B2-A3011CEE35F4}.Debug|Any CPU.Build.0 = Debug|Any CPU
		{AE3324A0-1CA6-4FCD-90B2-A3011CEE35F4}.Release|Any CPU.ActiveCfg = Release|Any CPU
		{AE3324A0-1CA6-4FCD-90B2-A3011CEE35F4}.Release|Any CPU.Build.0 = Release|Any CPU
		{9134B912-D13C-495D-94C1-D4505E2C0124}.Debug|Any CPU.ActiveCfg = Debug|Any CPU
		{9134B912-D13C-495D-94C1-D4505E2C0124}.Debug|Any CPU.Build.0 = Debug|Any CPU
		{9134B912-D13C-495D-94C1-D4505E2C0124}.Release|Any CPU.ActiveCfg = Release|Any CPU
		{9134B912-D13C-495D-94C1-D4505E2C0124}.Release|Any CPU.Build.0 = Release|Any CPU
		{F647FDBE-B560-45E3-BF0F-ADFF82EA1056}.Debug|Any CPU.ActiveCfg = Debug|Any CPU
		{F647FDBE-B560-45E3-BF0F-ADFF82EA1056}.Debug|Any CPU.Build.0 = Debug|Any CPU
		{F647FDBE-B560-45E3-BF0F-ADFF82EA1056}.Release|Any CPU.ActiveCfg = Release|Any CPU
		{F647FDBE-B560-45E3-BF0F-ADFF82EA1056}.Release|Any CPU.Build.0 = Release|Any CPU
	EndGlobalSection
	GlobalSection(SolutionProperties) = preSolution
		HideSolutionNode = FALSE
	EndGlobalSection
	GlobalSection(ExtensibilityGlobals) = postSolution
		SolutionGuid = {4DD02816-B021-4E75-B026-394A316144A2}
	EndGlobalSection
EndGlobal
